// !$*UTF8*$!
{
	archiveVersion = 1;
	classes = {
	};
	objectVersion = 50;
	objects = {

/* Begin PBXBuildFile section */
		041B73EC2246414E004844D9 /* AppDelegate.swift in Sources */ = {isa = PBXBuildFile; fileRef = 041B73EB2246414E004844D9 /* AppDelegate.swift */; };
		041B73F12246414E004844D9 /* Main.storyboard in Resources */ = {isa = PBXBuildFile; fileRef = 041B73EF2246414E004844D9 /* Main.storyboard */; };
		041B73F322464150004844D9 /* Assets.xcassets in Resources */ = {isa = PBXBuildFile; fileRef = 041B73F222464150004844D9 /* Assets.xcassets */; };
		041B73F622464150004844D9 /* LaunchScreen.storyboard in Resources */ = {isa = PBXBuildFile; fileRef = 041B73F422464150004844D9 /* LaunchScreen.storyboard */; };
		041B740122464150004844D9 /* MarvelTests.swift in Sources */ = {isa = PBXBuildFile; fileRef = 041B740022464150004844D9 /* MarvelTests.swift */; };
		041B74152246497F004844D9 /* Api.swift in Sources */ = {isa = PBXBuildFile; fileRef = 041B74142246497F004844D9 /* Api.swift */; };
		041B741722465483004844D9 /* Extensions.swift in Sources */ = {isa = PBXBuildFile; fileRef = 041B741622465482004844D9 /* Extensions.swift */; };
		041B741922465810004844D9 /* CharactersService.swift in Sources */ = {isa = PBXBuildFile; fileRef = 041B741822465810004844D9 /* CharactersService.swift */; };
		041B741B224658FB004844D9 /* MD5Helper+Extensions.swift in Sources */ = {isa = PBXBuildFile; fileRef = 041B741A224658FB004844D9 /* MD5Helper+Extensions.swift */; };
		041B741D22465B56004844D9 /* MarvelService.swift in Sources */ = {isa = PBXBuildFile; fileRef = 041B741C22465B56004844D9 /* MarvelService.swift */; };
		041B741F22465C93004844D9 /* CharactersResponse.swift in Sources */ = {isa = PBXBuildFile; fileRef = 041B741E22465C93004844D9 /* CharactersResponse.swift */; };
		041B742122465D3C004844D9 /* Character.swift in Sources */ = {isa = PBXBuildFile; fileRef = 041B742022465D3C004844D9 /* Character.swift */; };
		041B742422465FB3004844D9 /* ListViewController.swift in Sources */ = {isa = PBXBuildFile; fileRef = 041B742322465FB3004844D9 /* ListViewController.swift */; };
		04860950224AD1FA001C599A /* CharacterSummary.swift in Sources */ = {isa = PBXBuildFile; fileRef = 0486094F224AD1FA001C599A /* CharacterSummary.swift */; };
		04860952224AD215001C599A /* MarvelItem.swift in Sources */ = {isa = PBXBuildFile; fileRef = 04860951224AD215001C599A /* MarvelItem.swift */; };
		04860954224AD58C001C599A /* MarvelItemViewModel.swift in Sources */ = {isa = PBXBuildFile; fileRef = 04860953224AD58C001C599A /* MarvelItemViewModel.swift */; };
		04860957224AD965001C599A /* SummaryResponse.swift in Sources */ = {isa = PBXBuildFile; fileRef = 04860956224AD965001C599A /* SummaryResponse.swift */; };
		04860959224AD99D001C599A /* Summary.swift in Sources */ = {isa = PBXBuildFile; fileRef = 04860958224AD99D001C599A /* Summary.swift */; };
		04E2B21F22495C1400DD72A3 /* CharacterViewModel.swift in Sources */ = {isa = PBXBuildFile; fileRef = 04E2B21E22495C1400DD72A3 /* CharacterViewModel.swift */; };
		04E2B22122495C7800DD72A3 /* CharacterVMFactory.swift in Sources */ = {isa = PBXBuildFile; fileRef = 04E2B22022495C7800DD72A3 /* CharacterVMFactory.swift */; };
		04E2B22422495E0100DD72A3 /* HomeListCell.xib in Resources */ = {isa = PBXBuildFile; fileRef = 04E2B22322495E0100DD72A3 /* HomeListCell.xib */; };
		04E2B22722495E3200DD72A3 /* HomeListCell.swift in Sources */ = {isa = PBXBuildFile; fileRef = 04E2B22622495E3200DD72A3 /* HomeListCell.swift */; };
		04E2B22922495FC300DD72A3 /* ImageService.swift in Sources */ = {isa = PBXBuildFile; fileRef = 04E2B22822495FC300DD72A3 /* ImageService.swift */; };
		04E2B22D2249697100DD72A3 /* TempLoadingMore.xib in Resources */ = {isa = PBXBuildFile; fileRef = 04E2B22C2249697100DD72A3 /* TempLoadingMore.xib */; };
		04E2B23022496A7100DD72A3 /* LoadingMoreView.swift in Sources */ = {isa = PBXBuildFile; fileRef = 04E2B22F22496A7100DD72A3 /* LoadingMoreView.swift */; };
		0F428C5ABB0BA866BDF878CD /* Pods_Marvel.framework in Frameworks */ = {isa = PBXBuildFile; fileRef = 843387F7D810F0671F22CB48 /* Pods_Marvel.framework */; };
		DD4493082F596FF30BDEE921 /* Pods_MarvelTests.framework in Frameworks */ = {isa = PBXBuildFile; fileRef = D6764AAD3BFAF97F6175438F /* Pods_MarvelTests.framework */; };
/* End PBXBuildFile section */

/* Begin PBXContainerItemProxy section */
		041B73FD22464150004844D9 /* PBXContainerItemProxy */ = {
			isa = PBXContainerItemProxy;
			containerPortal = 041B73E02246414E004844D9 /* Project object */;
			proxyType = 1;
			remoteGlobalIDString = 041B73E72246414E004844D9;
			remoteInfo = Marvel;
		};
/* End PBXContainerItemProxy section */

/* Begin PBXFileReference section */
		041B73E82246414E004844D9 /* Marvel.app */ = {isa = PBXFileReference; explicitFileType = wrapper.application; includeInIndex = 0; path = Marvel.app; sourceTree = BUILT_PRODUCTS_DIR; };
		041B73EB2246414E004844D9 /* AppDelegate.swift */ = {isa = PBXFileReference; lastKnownFileType = sourcecode.swift; path = AppDelegate.swift; sourceTree = "<group>"; };
		041B73F02246414E004844D9 /* Base */ = {isa = PBXFileReference; lastKnownFileType = file.storyboard; name = Base; path = Base.lproj/Main.storyboard; sourceTree = "<group>"; };
		041B73F222464150004844D9 /* Assets.xcassets */ = {isa = PBXFileReference; lastKnownFileType = folder.assetcatalog; path = Assets.xcassets; sourceTree = "<group>"; };
		041B73F522464150004844D9 /* Base */ = {isa = PBXFileReference; lastKnownFileType = file.storyboard; name = Base; path = Base.lproj/LaunchScreen.storyboard; sourceTree = "<group>"; };
		041B73F722464150004844D9 /* Info.plist */ = {isa = PBXFileReference; lastKnownFileType = text.plist.xml; path = Info.plist; sourceTree = "<group>"; };
		041B73FC22464150004844D9 /* MarvelTests.xctest */ = {isa = PBXFileReference; explicitFileType = wrapper.cfbundle; includeInIndex = 0; path = MarvelTests.xctest; sourceTree = BUILT_PRODUCTS_DIR; };
		041B740022464150004844D9 /* MarvelTests.swift */ = {isa = PBXFileReference; lastKnownFileType = sourcecode.swift; path = MarvelTests.swift; sourceTree = "<group>"; };
		041B740222464150004844D9 /* Info.plist */ = {isa = PBXFileReference; lastKnownFileType = text.plist.xml; path = Info.plist; sourceTree = "<group>"; };
		041B74142246497F004844D9 /* Api.swift */ = {isa = PBXFileReference; lastKnownFileType = sourcecode.swift; path = Api.swift; sourceTree = "<group>"; };
		041B741622465482004844D9 /* Extensions.swift */ = {isa = PBXFileReference; lastKnownFileType = sourcecode.swift; path = Extensions.swift; sourceTree = "<group>"; };
		041B741822465810004844D9 /* CharactersService.swift */ = {isa = PBXFileReference; lastKnownFileType = sourcecode.swift; path = CharactersService.swift; sourceTree = "<group>"; };
		041B741A224658FB004844D9 /* MD5Helper+Extensions.swift */ = {isa = PBXFileReference; lastKnownFileType = sourcecode.swift; path = "MD5Helper+Extensions.swift"; sourceTree = "<group>"; };
		041B741C22465B56004844D9 /* MarvelService.swift */ = {isa = PBXFileReference; lastKnownFileType = sourcecode.swift; path = MarvelService.swift; sourceTree = "<group>"; };
		041B741E22465C93004844D9 /* CharactersResponse.swift */ = {isa = PBXFileReference; lastKnownFileType = sourcecode.swift; path = CharactersResponse.swift; sourceTree = "<group>"; };
		041B742022465D3C004844D9 /* Character.swift */ = {isa = PBXFileReference; lastKnownFileType = sourcecode.swift; path = Character.swift; sourceTree = "<group>"; };
		041B742322465FB3004844D9 /* ListViewController.swift */ = {isa = PBXFileReference; lastKnownFileType = sourcecode.swift; path = ListViewController.swift; sourceTree = "<group>"; };
		0486094F224AD1FA001C599A /* CharacterSummary.swift */ = {isa = PBXFileReference; lastKnownFileType = sourcecode.swift; path = CharacterSummary.swift; sourceTree = "<group>"; };
		04860951224AD215001C599A /* MarvelItem.swift */ = {isa = PBXFileReference; lastKnownFileType = sourcecode.swift; path = MarvelItem.swift; sourceTree = "<group>"; };
		04860953224AD58C001C599A /* MarvelItemViewModel.swift */ = {isa = PBXFileReference; lastKnownFileType = sourcecode.swift; path = MarvelItemViewModel.swift; sourceTree = "<group>"; };
		04860956224AD965001C599A /* SummaryResponse.swift */ = {isa = PBXFileReference; lastKnownFileType = sourcecode.swift; path = SummaryResponse.swift; sourceTree = "<group>"; };
		04860958224AD99D001C599A /* Summary.swift */ = {isa = PBXFileReference; lastKnownFileType = sourcecode.swift; path = Summary.swift; sourceTree = "<group>"; };
		04E2B21E22495C1400DD72A3 /* CharacterViewModel.swift */ = {isa = PBXFileReference; lastKnownFileType = sourcecode.swift; path = CharacterViewModel.swift; sourceTree = "<group>"; };
		04E2B22022495C7800DD72A3 /* CharacterVMFactory.swift */ = {isa = PBXFileReference; lastKnownFileType = sourcecode.swift; path = CharacterVMFactory.swift; sourceTree = "<group>"; };
		04E2B22322495E0100DD72A3 /* HomeListCell.xib */ = {isa = PBXFileReference; lastKnownFileType = file.xib; path = HomeListCell.xib; sourceTree = "<group>"; };
		04E2B22622495E3200DD72A3 /* HomeListCell.swift */ = {isa = PBXFileReference; lastKnownFileType = sourcecode.swift; path = HomeListCell.swift; sourceTree = "<group>"; };
		04E2B22822495FC300DD72A3 /* ImageService.swift */ = {isa = PBXFileReference; fileEncoding = 4; lastKnownFileType = sourcecode.swift; path = ImageService.swift; sourceTree = "<group>"; };
		04E2B22C2249697100DD72A3 /* TempLoadingMore.xib */ = {isa = PBXFileReference; fileEncoding = 4; lastKnownFileType = file.xib; path = TempLoadingMore.xib; sourceTree = "<group>"; };
		04E2B22F22496A7100DD72A3 /* LoadingMoreView.swift */ = {isa = PBXFileReference; lastKnownFileType = sourcecode.swift; path = LoadingMoreView.swift; sourceTree = "<group>"; };
		1595A4B436127A304D000307 /* Pods-MarvelTests.release.xcconfig */ = {isa = PBXFileReference; includeInIndex = 1; lastKnownFileType = text.xcconfig; name = "Pods-MarvelTests.release.xcconfig"; path = "Target Support Files/Pods-MarvelTests/Pods-MarvelTests.release.xcconfig"; sourceTree = "<group>"; };
		27478733FC222E5D5FF350C6 /* Pods-Marvel.debug.xcconfig */ = {isa = PBXFileReference; includeInIndex = 1; lastKnownFileType = text.xcconfig; name = "Pods-Marvel.debug.xcconfig"; path = "Target Support Files/Pods-Marvel/Pods-Marvel.debug.xcconfig"; sourceTree = "<group>"; };
		36142BBBEE63D692D2289C7E /* Pods-MarvelTests.debug.xcconfig */ = {isa = PBXFileReference; includeInIndex = 1; lastKnownFileType = text.xcconfig; name = "Pods-MarvelTests.debug.xcconfig"; path = "Target Support Files/Pods-MarvelTests/Pods-MarvelTests.debug.xcconfig"; sourceTree = "<group>"; };
		843387F7D810F0671F22CB48 /* Pods_Marvel.framework */ = {isa = PBXFileReference; explicitFileType = wrapper.framework; includeInIndex = 0; path = Pods_Marvel.framework; sourceTree = BUILT_PRODUCTS_DIR; };
		94F34EA2AFCB42361EEC8E71 /* Pods-Marvel.release.xcconfig */ = {isa = PBXFileReference; includeInIndex = 1; lastKnownFileType = text.xcconfig; name = "Pods-Marvel.release.xcconfig"; path = "Target Support Files/Pods-Marvel/Pods-Marvel.release.xcconfig"; sourceTree = "<group>"; };
		D6764AAD3BFAF97F6175438F /* Pods_MarvelTests.framework */ = {isa = PBXFileReference; explicitFileType = wrapper.framework; includeInIndex = 0; path = Pods_MarvelTests.framework; sourceTree = BUILT_PRODUCTS_DIR; };
/* End PBXFileReference section */

/* Begin PBXFrameworksBuildPhase section */
		041B73E52246414E004844D9 /* Frameworks */ = {
			isa = PBXFrameworksBuildPhase;
			buildActionMask = 2147483647;
			files = (
				0F428C5ABB0BA866BDF878CD /* Pods_Marvel.framework in Frameworks */,
			);
			runOnlyForDeploymentPostprocessing = 0;
		};
		041B73F922464150004844D9 /* Frameworks */ = {
			isa = PBXFrameworksBuildPhase;
			buildActionMask = 2147483647;
			files = (
				DD4493082F596FF30BDEE921 /* Pods_MarvelTests.framework in Frameworks */,
			);
			runOnlyForDeploymentPostprocessing = 0;
		};
/* End PBXFrameworksBuildPhase section */

/* Begin PBXGroup section */
		041B73DF2246414E004844D9 = {
			isa = PBXGroup;
			children = (
				041B73EA2246414E004844D9 /* Marvel */,
				041B73FF22464150004844D9 /* MarvelTests */,
				041B73E92246414E004844D9 /* Products */,
				B6E7C22F90CA3912C48BF938 /* Pods */,
				8872120EF89FBFBB4C17A4B2 /* Frameworks */,
			);
			sourceTree = "<group>";
		};
		041B73E92246414E004844D9 /* Products */ = {
			isa = PBXGroup;
			children = (
				041B73E82246414E004844D9 /* Marvel.app */,
				041B73FC22464150004844D9 /* MarvelTests.xctest */,
			);
			name = Products;
			sourceTree = "<group>";
		};
		041B73EA2246414E004844D9 /* Marvel */ = {
			isa = PBXGroup;
			children = (
				041B73EB2246414E004844D9 /* AppDelegate.swift */,
				041B740B224645C2004844D9 /* api */,
				041B740C22464688004844D9 /* services */,
				041B740D22464696004844D9 /* factory */,
				041B740E224646A5004844D9 /* model */,
				041B740F224646AD004844D9 /* viewmodel */,
				041B7410224646B8004844D9 /* view */,
				041B7412224646C7004844D9 /* util */,
				041B7411224646C1004844D9 /* resources */,
				041B73F722464150004844D9 /* Info.plist */,
			);
			path = Marvel;
			sourceTree = "<group>";
		};
		041B73FF22464150004844D9 /* MarvelTests */ = {
			isa = PBXGroup;
			children = (
				041B740022464150004844D9 /* MarvelTests.swift */,
				041B740222464150004844D9 /* Info.plist */,
			);
			path = MarvelTests;
			sourceTree = "<group>";
		};
		041B740B224645C2004844D9 /* api */ = {
			isa = PBXGroup;
			children = (
				041B74142246497F004844D9 /* Api.swift */,
			);
			path = api;
			sourceTree = "<group>";
		};
		041B740C22464688004844D9 /* services */ = {
			isa = PBXGroup;
			children = (
				041B741C22465B56004844D9 /* MarvelService.swift */,
				041B741822465810004844D9 /* CharactersService.swift */,
				04E2B22822495FC300DD72A3 /* ImageService.swift */,
			);
			path = services;
			sourceTree = "<group>";
		};
		041B740D22464696004844D9 /* factory */ = {
			isa = PBXGroup;
			children = (
				04E2B22022495C7800DD72A3 /* CharacterVMFactory.swift */,
			);
			path = factory;
			sourceTree = "<group>";
		};
		041B740E224646A5004844D9 /* model */ = {
			isa = PBXGroup;
			children = (
				04860951224AD215001C599A /* MarvelItem.swift */,
				0486094E224AD1D6001C599A /* character */,
				04860955224AD922001C599A /* summary */,
			);
			path = model;
			sourceTree = "<group>";
		};
		041B740F224646AD004844D9 /* viewmodel */ = {
			isa = PBXGroup;
			children = (
				04E2B21E22495C1400DD72A3 /* CharacterViewModel.swift */,
				04860953224AD58C001C599A /* MarvelItemViewModel.swift */,
			);
			path = viewmodel;
			sourceTree = "<group>";
		};
		041B7410224646B8004844D9 /* view */ = {
			isa = PBXGroup;
			children = (
				041B742222465FA3004844D9 /* controller */,
				04E2B22E22496A5E00DD72A3 /* custom */,
				04E2B22522495E1600DD72A3 /* cells */,
			);
			path = view;
			sourceTree = "<group>";
		};
		041B7411224646C1004844D9 /* resources */ = {
			isa = PBXGroup;
			children = (
				04E2B22222495DDD00DD72A3 /* xibs */,
				041B7413224646D9004844D9 /* storyboards */,
				041B73F222464150004844D9 /* Assets.xcassets */,
			);
			path = resources;
			sourceTree = "<group>";
		};
		041B7412224646C7004844D9 /* util */ = {
			isa = PBXGroup;
			children = (
				041B741A224658FB004844D9 /* MD5Helper+Extensions.swift */,
				041B741622465482004844D9 /* Extensions.swift */,
			);
			path = util;
			sourceTree = "<group>";
		};
		041B7413224646D9004844D9 /* storyboards */ = {
			isa = PBXGroup;
			children = (
				041B73EF2246414E004844D9 /* Main.storyboard */,
				041B73F422464150004844D9 /* LaunchScreen.storyboard */,
			);
			path = storyboards;
			sourceTree = "<group>";
		};
		041B742222465FA3004844D9 /* controller */ = {
			isa = PBXGroup;
			children = (
				041B742322465FB3004844D9 /* ListViewController.swift */,
			);
			path = controller;
			sourceTree = "<group>";
		};
		0486094E224AD1D6001C599A /* character */ = {
			isa = PBXGroup;
			children = (
				041B741E22465C93004844D9 /* CharactersResponse.swift */,
				041B742022465D3C004844D9 /* Character.swift */,
				0486094F224AD1FA001C599A /* CharacterSummary.swift */,
			);
			path = character;
			sourceTree = "<group>";
		};
		04860955224AD922001C599A /* summary */ = {
			isa = PBXGroup;
			children = (
				04860956224AD965001C599A /* SummaryResponse.swift */,
				04860958224AD99D001C599A /* Summary.swift */,
			);
			path = summary;
			sourceTree = "<group>";
		};
		04E2B22222495DDD00DD72A3 /* xibs */ = {
			isa = PBXGroup;
			children = (
				04E2B22C2249697100DD72A3 /* TempLoadingMore.xib */,
				04E2B22322495E0100DD72A3 /* HomeListCell.xib */,
			);
			path = xibs;
			sourceTree = "<group>";
		};
		04E2B22522495E1600DD72A3 /* cells */ = {
			isa = PBXGroup;
			children = (
				04E2B22622495E3200DD72A3 /* HomeListCell.swift */,
			);
			path = cells;
			sourceTree = "<group>";
		};
		04E2B22E22496A5E00DD72A3 /* custom */ = {
			isa = PBXGroup;
			children = (
				04E2B22F22496A7100DD72A3 /* LoadingMoreView.swift */,
			);
			path = custom;
			sourceTree = "<group>";
		};
		8872120EF89FBFBB4C17A4B2 /* Frameworks */ = {
			isa = PBXGroup;
			children = (
				843387F7D810F0671F22CB48 /* Pods_Marvel.framework */,
				D6764AAD3BFAF97F6175438F /* Pods_MarvelTests.framework */,
			);
			name = Frameworks;
			sourceTree = "<group>";
		};
		B6E7C22F90CA3912C48BF938 /* Pods */ = {
			isa = PBXGroup;
			children = (
				27478733FC222E5D5FF350C6 /* Pods-Marvel.debug.xcconfig */,
				94F34EA2AFCB42361EEC8E71 /* Pods-Marvel.release.xcconfig */,
				36142BBBEE63D692D2289C7E /* Pods-MarvelTests.debug.xcconfig */,
				1595A4B436127A304D000307 /* Pods-MarvelTests.release.xcconfig */,
			);
			path = Pods;
			sourceTree = "<group>";
		};
/* End PBXGroup section */

/* Begin PBXNativeTarget section */
		041B73E72246414E004844D9 /* Marvel */ = {
			isa = PBXNativeTarget;
			buildConfigurationList = 041B740522464150004844D9 /* Build configuration list for PBXNativeTarget "Marvel" */;
			buildPhases = (
				46BF1E9F6875A7C67FDC7C49 /* [CP] Check Pods Manifest.lock */,
				041B73E42246414E004844D9 /* Sources */,
				041B73E52246414E004844D9 /* Frameworks */,
				041B73E62246414E004844D9 /* Resources */,
				B4E30D080B79DC0F8280BC2A /* [CP] Embed Pods Frameworks */,
			);
			buildRules = (
			);
			dependencies = (
			);
			name = Marvel;
			productName = Marvel;
			productReference = 041B73E82246414E004844D9 /* Marvel.app */;
			productType = "com.apple.product-type.application";
		};
		041B73FB22464150004844D9 /* MarvelTests */ = {
			isa = PBXNativeTarget;
			buildConfigurationList = 041B740822464150004844D9 /* Build configuration list for PBXNativeTarget "MarvelTests" */;
			buildPhases = (
				77436E0D84DE60C7A6F138E9 /* [CP] Check Pods Manifest.lock */,
				041B73F822464150004844D9 /* Sources */,
				041B73F922464150004844D9 /* Frameworks */,
				041B73FA22464150004844D9 /* Resources */,
				266BD8DFDFEF2386DF493A0D /* [CP] Embed Pods Frameworks */,
			);
			buildRules = (
			);
			dependencies = (
				041B73FE22464150004844D9 /* PBXTargetDependency */,
			);
			name = MarvelTests;
			productName = MarvelTests;
			productReference = 041B73FC22464150004844D9 /* MarvelTests.xctest */;
			productType = "com.apple.product-type.bundle.unit-test";
		};
/* End PBXNativeTarget section */

/* Begin PBXProject section */
		041B73E02246414E004844D9 /* Project object */ = {
			isa = PBXProject;
			attributes = {
				LastSwiftUpdateCheck = 1010;
				LastUpgradeCheck = 1010;
				ORGANIZATIONNAME = "Alex Rodrigues";
				TargetAttributes = {
					041B73E72246414E004844D9 = {
						CreatedOnToolsVersion = 10.1;
					};
					041B73FB22464150004844D9 = {
						CreatedOnToolsVersion = 10.1;
						TestTargetID = 041B73E72246414E004844D9;
					};
				};
			};
			buildConfigurationList = 041B73E32246414E004844D9 /* Build configuration list for PBXProject "Marvel" */;
			compatibilityVersion = "Xcode 9.3";
			developmentRegion = en;
			hasScannedForEncodings = 0;
			knownRegions = (
				en,
				Base,
			);
			mainGroup = 041B73DF2246414E004844D9;
			productRefGroup = 041B73E92246414E004844D9 /* Products */;
			projectDirPath = "";
			projectRoot = "";
			targets = (
				041B73E72246414E004844D9 /* Marvel */,
				041B73FB22464150004844D9 /* MarvelTests */,
			);
		};
/* End PBXProject section */

/* Begin PBXResourcesBuildPhase section */
		041B73E62246414E004844D9 /* Resources */ = {
			isa = PBXResourcesBuildPhase;
			buildActionMask = 2147483647;
			files = (
				041B73F622464150004844D9 /* LaunchScreen.storyboard in Resources */,
				041B73F322464150004844D9 /* Assets.xcassets in Resources */,
				04E2B22422495E0100DD72A3 /* HomeListCell.xib in Resources */,
				04E2B22D2249697100DD72A3 /* TempLoadingMore.xib in Resources */,
				041B73F12246414E004844D9 /* Main.storyboard in Resources */,
			);
			runOnlyForDeploymentPostprocessing = 0;
		};
		041B73FA22464150004844D9 /* Resources */ = {
			isa = PBXResourcesBuildPhase;
			buildActionMask = 2147483647;
			files = (
			);
			runOnlyForDeploymentPostprocessing = 0;
		};
/* End PBXResourcesBuildPhase section */

/* Begin PBXShellScriptBuildPhase section */
		266BD8DFDFEF2386DF493A0D /* [CP] Embed Pods Frameworks */ = {
			isa = PBXShellScriptBuildPhase;
			buildActionMask = 2147483647;
			files = (
			);
			inputFileListPaths = (
			);
			inputPaths = (
				"${PODS_ROOT}/Target Support Files/Pods-MarvelTests/Pods-MarvelTests-frameworks.sh",
				"${BUILT_PRODUCTS_DIR}/Nimble/Nimble.framework",
				"${BUILT_PRODUCTS_DIR}/Quick/Quick.framework",
			);
			name = "[CP] Embed Pods Frameworks";
			outputFileListPaths = (
			);
			outputPaths = (
				"${TARGET_BUILD_DIR}/${FRAMEWORKS_FOLDER_PATH}/Nimble.framework",
				"${TARGET_BUILD_DIR}/${FRAMEWORKS_FOLDER_PATH}/Quick.framework",
			);
			runOnlyForDeploymentPostprocessing = 0;
			shellPath = /bin/sh;
			shellScript = "\"${PODS_ROOT}/Target Support Files/Pods-MarvelTests/Pods-MarvelTests-frameworks.sh\"\n";
			showEnvVarsInLog = 0;
		};
		46BF1E9F6875A7C67FDC7C49 /* [CP] Check Pods Manifest.lock */ = {
			isa = PBXShellScriptBuildPhase;
			buildActionMask = 2147483647;
			files = (
			);
			inputFileListPaths = (
			);
			inputPaths = (
				"${PODS_PODFILE_DIR_PATH}/Podfile.lock",
				"${PODS_ROOT}/Manifest.lock",
			);
			name = "[CP] Check Pods Manifest.lock";
			outputFileListPaths = (
			);
			outputPaths = (
				"$(DERIVED_FILE_DIR)/Pods-Marvel-checkManifestLockResult.txt",
			);
			runOnlyForDeploymentPostprocessing = 0;
			shellPath = /bin/sh;
			shellScript = "diff \"${PODS_PODFILE_DIR_PATH}/Podfile.lock\" \"${PODS_ROOT}/Manifest.lock\" > /dev/null\nif [ $? != 0 ] ; then\n    # print error to STDERR\n    echo \"error: The sandbox is not in sync with the Podfile.lock. Run 'pod install' or update your CocoaPods installation.\" >&2\n    exit 1\nfi\n# This output is used by Xcode 'outputs' to avoid re-running this script phase.\necho \"SUCCESS\" > \"${SCRIPT_OUTPUT_FILE_0}\"\n";
			showEnvVarsInLog = 0;
		};
		77436E0D84DE60C7A6F138E9 /* [CP] Check Pods Manifest.lock */ = {
			isa = PBXShellScriptBuildPhase;
			buildActionMask = 2147483647;
			files = (
			);
			inputFileListPaths = (
			);
			inputPaths = (
				"${PODS_PODFILE_DIR_PATH}/Podfile.lock",
				"${PODS_ROOT}/Manifest.lock",
			);
			name = "[CP] Check Pods Manifest.lock";
			outputFileListPaths = (
			);
			outputPaths = (
				"$(DERIVED_FILE_DIR)/Pods-MarvelTests-checkManifestLockResult.txt",
			);
			runOnlyForDeploymentPostprocessing = 0;
			shellPath = /bin/sh;
			shellScript = "diff \"${PODS_PODFILE_DIR_PATH}/Podfile.lock\" \"${PODS_ROOT}/Manifest.lock\" > /dev/null\nif [ $? != 0 ] ; then\n    # print error to STDERR\n    echo \"error: The sandbox is not in sync with the Podfile.lock. Run 'pod install' or update your CocoaPods installation.\" >&2\n    exit 1\nfi\n# This output is used by Xcode 'outputs' to avoid re-running this script phase.\necho \"SUCCESS\" > \"${SCRIPT_OUTPUT_FILE_0}\"\n";
			showEnvVarsInLog = 0;
		};
		B4E30D080B79DC0F8280BC2A /* [CP] Embed Pods Frameworks */ = {
			isa = PBXShellScriptBuildPhase;
			buildActionMask = 2147483647;
			files = (
			);
			inputFileListPaths = (
			);
			inputPaths = (
				"${PODS_ROOT}/Target Support Files/Pods-Marvel/Pods-Marvel-frameworks.sh",
				"${BUILT_PRODUCTS_DIR}/RxAtomic/RxAtomic.framework",
				"${BUILT_PRODUCTS_DIR}/RxCocoa/RxCocoa.framework",
				"${BUILT_PRODUCTS_DIR}/RxSwift/RxSwift.framework",
			);
			name = "[CP] Embed Pods Frameworks";
			outputFileListPaths = (
			);
			outputPaths = (
				"${TARGET_BUILD_DIR}/${FRAMEWORKS_FOLDER_PATH}/RxAtomic.framework",
				"${TARGET_BUILD_DIR}/${FRAMEWORKS_FOLDER_PATH}/RxCocoa.framework",
				"${TARGET_BUILD_DIR}/${FRAMEWORKS_FOLDER_PATH}/RxSwift.framework",
			);
			runOnlyForDeploymentPostprocessing = 0;
			shellPath = /bin/sh;
			shellScript = "\"${PODS_ROOT}/Target Support Files/Pods-Marvel/Pods-Marvel-frameworks.sh\"\n";
			showEnvVarsInLog = 0;
		};
/* End PBXShellScriptBuildPhase section */

/* Begin PBXSourcesBuildPhase section */
		041B73E42246414E004844D9 /* Sources */ = {
			isa = PBXSourcesBuildPhase;
			buildActionMask = 2147483647;
			files = (
				041B74152246497F004844D9 /* Api.swift in Sources */,
				04860952224AD215001C599A /* MarvelItem.swift in Sources */,
				041B741722465483004844D9 /* Extensions.swift in Sources */,
				04E2B22722495E3200DD72A3 /* HomeListCell.swift in Sources */,
				04860954224AD58C001C599A /* MarvelItemViewModel.swift in Sources */,
				04860959224AD99D001C599A /* Summary.swift in Sources */,
				04860950224AD1FA001C599A /* CharacterSummary.swift in Sources */,
				041B741B224658FB004844D9 /* MD5Helper+Extensions.swift in Sources */,
				041B73EC2246414E004844D9 /* AppDelegate.swift in Sources */,
				041B741D22465B56004844D9 /* MarvelService.swift in Sources */,
				04E2B23022496A7100DD72A3 /* LoadingMoreView.swift in Sources */,
				041B742422465FB3004844D9 /* ListViewController.swift in Sources */,
				04E2B21F22495C1400DD72A3 /* CharacterViewModel.swift in Sources */,
				04E2B22922495FC300DD72A3 /* ImageService.swift in Sources */,
				041B741F22465C93004844D9 /* CharactersResponse.swift in Sources */,
				041B741922465810004844D9 /* CharactersService.swift in Sources */,
				04860957224AD965001C599A /* SummaryResponse.swift in Sources */,
				04E2B22122495C7800DD72A3 /* CharacterVMFactory.swift in Sources */,
				041B742122465D3C004844D9 /* Character.swift in Sources */,
			);
			runOnlyForDeploymentPostprocessing = 0;
		};
		041B73F822464150004844D9 /* Sources */ = {
			isa = PBXSourcesBuildPhase;
			buildActionMask = 2147483647;
			files = (
				041B740122464150004844D9 /* MarvelTests.swift in Sources */,
			);
			runOnlyForDeploymentPostprocessing = 0;
		};
/* End PBXSourcesBuildPhase section */

/* Begin PBXTargetDependency section */
		041B73FE22464150004844D9 /* PBXTargetDependency */ = {
			isa = PBXTargetDependency;
			target = 041B73E72246414E004844D9 /* Marvel */;
			targetProxy = 041B73FD22464150004844D9 /* PBXContainerItemProxy */;
		};
/* End PBXTargetDependency section */

/* Begin PBXVariantGroup section */
		041B73EF2246414E004844D9 /* Main.storyboard */ = {
			isa = PBXVariantGroup;
			children = (
				041B73F02246414E004844D9 /* Base */,
			);
			name = Main.storyboard;
			sourceTree = "<group>";
		};
		041B73F422464150004844D9 /* LaunchScreen.storyboard */ = {
			isa = PBXVariantGroup;
			children = (
				041B73F522464150004844D9 /* Base */,
			);
			name = LaunchScreen.storyboard;
			sourceTree = "<group>";
		};
/* End PBXVariantGroup section */

/* Begin XCBuildConfiguration section */
		041B740322464150004844D9 /* Debug */ = {
			isa = XCBuildConfiguration;
			buildSettings = {
				ALWAYS_SEARCH_USER_PATHS = NO;
				CLANG_ANALYZER_NONNULL = YES;
				CLANG_ANALYZER_NUMBER_OBJECT_CONVERSION = YES_AGGRESSIVE;
				CLANG_CXX_LANGUAGE_STANDARD = "gnu++14";
				CLANG_CXX_LIBRARY = "libc++";
				CLANG_ENABLE_MODULES = YES;
				CLANG_ENABLE_OBJC_ARC = YES;
				CLANG_ENABLE_OBJC_WEAK = YES;
				CLANG_WARN_BLOCK_CAPTURE_AUTORELEASING = YES;
				CLANG_WARN_BOOL_CONVERSION = YES;
				CLANG_WARN_COMMA = YES;
				CLANG_WARN_CONSTANT_CONVERSION = YES;
				CLANG_WARN_DEPRECATED_OBJC_IMPLEMENTATIONS = YES;
				CLANG_WARN_DIRECT_OBJC_ISA_USAGE = YES_ERROR;
				CLANG_WARN_DOCUMENTATION_COMMENTS = YES;
				CLANG_WARN_EMPTY_BODY = YES;
				CLANG_WARN_ENUM_CONVERSION = YES;
				CLANG_WARN_INFINITE_RECURSION = YES;
				CLANG_WARN_INT_CONVERSION = YES;
				CLANG_WARN_NON_LITERAL_NULL_CONVERSION = YES;
				CLANG_WARN_OBJC_IMPLICIT_RETAIN_SELF = YES;
				CLANG_WARN_OBJC_LITERAL_CONVERSION = YES;
				CLANG_WARN_OBJC_ROOT_CLASS = YES_ERROR;
				CLANG_WARN_RANGE_LOOP_ANALYSIS = YES;
				CLANG_WARN_STRICT_PROTOTYPES = YES;
				CLANG_WARN_SUSPICIOUS_MOVE = YES;
				CLANG_WARN_UNGUARDED_AVAILABILITY = YES_AGGRESSIVE;
				CLANG_WARN_UNREACHABLE_CODE = YES;
				CLANG_WARN__DUPLICATE_METHOD_MATCH = YES;
				CODE_SIGN_IDENTITY = "iPhone Developer";
				COPY_PHASE_STRIP = NO;
				DEBUG_INFORMATION_FORMAT = dwarf;
				ENABLE_STRICT_OBJC_MSGSEND = YES;
				ENABLE_TESTABILITY = YES;
				GCC_C_LANGUAGE_STANDARD = gnu11;
				GCC_DYNAMIC_NO_PIC = NO;
				GCC_NO_COMMON_BLOCKS = YES;
				GCC_OPTIMIZATION_LEVEL = 0;
				GCC_PREPROCESSOR_DEFINITIONS = (
					"DEBUG=1",
					"$(inherited)",
				);
				GCC_WARN_64_TO_32_BIT_CONVERSION = YES;
				GCC_WARN_ABOUT_RETURN_TYPE = YES_ERROR;
				GCC_WARN_UNDECLARED_SELECTOR = YES;
				GCC_WARN_UNINITIALIZED_AUTOS = YES_AGGRESSIVE;
				GCC_WARN_UNUSED_FUNCTION = YES;
				GCC_WARN_UNUSED_VARIABLE = YES;
				IPHONEOS_DEPLOYMENT_TARGET = 12.1;
				MTL_ENABLE_DEBUG_INFO = INCLUDE_SOURCE;
				MTL_FAST_MATH = YES;
				ONLY_ACTIVE_ARCH = YES;
				SDKROOT = iphoneos;
				SWIFT_ACTIVE_COMPILATION_CONDITIONS = DEBUG;
				SWIFT_OPTIMIZATION_LEVEL = "-Onone";
			};
			name = Debug;
		};
		041B740422464150004844D9 /* Release */ = {
			isa = XCBuildConfiguration;
			buildSettings = {
				ALWAYS_SEARCH_USER_PATHS = NO;
				CLANG_ANALYZER_NONNULL = YES;
				CLANG_ANALYZER_NUMBER_OBJECT_CONVERSION = YES_AGGRESSIVE;
				CLANG_CXX_LANGUAGE_STANDARD = "gnu++14";
				CLANG_CXX_LIBRARY = "libc++";
				CLANG_ENABLE_MODULES = YES;
				CLANG_ENABLE_OBJC_ARC = YES;
				CLANG_ENABLE_OBJC_WEAK = YES;
				CLANG_WARN_BLOCK_CAPTURE_AUTORELEASING = YES;
				CLANG_WARN_BOOL_CONVERSION = YES;
				CLANG_WARN_COMMA = YES;
				CLANG_WARN_CONSTANT_CONVERSION = YES;
				CLANG_WARN_DEPRECATED_OBJC_IMPLEMENTATIONS = YES;
				CLANG_WARN_DIRECT_OBJC_ISA_USAGE = YES_ERROR;
				CLANG_WARN_DOCUMENTATION_COMMENTS = YES;
				CLANG_WARN_EMPTY_BODY = YES;
				CLANG_WARN_ENUM_CONVERSION = YES;
				CLANG_WARN_INFINITE_RECURSION = YES;
				CLANG_WARN_INT_CONVERSION = YES;
				CLANG_WARN_NON_LITERAL_NULL_CONVERSION = YES;
				CLANG_WARN_OBJC_IMPLICIT_RETAIN_SELF = YES;
				CLANG_WARN_OBJC_LITERAL_CONVERSION = YES;
				CLANG_WARN_OBJC_ROOT_CLASS = YES_ERROR;
				CLANG_WARN_RANGE_LOOP_ANALYSIS = YES;
				CLANG_WARN_STRICT_PROTOTYPES = YES;
				CLANG_WARN_SUSPICIOUS_MOVE = YES;
				CLANG_WARN_UNGUARDED_AVAILABILITY = YES_AGGRESSIVE;
				CLANG_WARN_UNREACHABLE_CODE = YES;
				CLANG_WARN__DUPLICATE_METHOD_MATCH = YES;
				CODE_SIGN_IDENTITY = "iPhone Developer";
				COPY_PHASE_STRIP = NO;
				DEBUG_INFORMATION_FORMAT = "dwarf-with-dsym";
				ENABLE_NS_ASSERTIONS = NO;
				ENABLE_STRICT_OBJC_MSGSEND = YES;
				GCC_C_LANGUAGE_STANDARD = gnu11;
				GCC_NO_COMMON_BLOCKS = YES;
				GCC_WARN_64_TO_32_BIT_CONVERSION = YES;
				GCC_WARN_ABOUT_RETURN_TYPE = YES_ERROR;
				GCC_WARN_UNDECLARED_SELECTOR = YES;
				GCC_WARN_UNINITIALIZED_AUTOS = YES_AGGRESSIVE;
				GCC_WARN_UNUSED_FUNCTION = YES;
				GCC_WARN_UNUSED_VARIABLE = YES;
				IPHONEOS_DEPLOYMENT_TARGET = 12.1;
				MTL_ENABLE_DEBUG_INFO = NO;
				MTL_FAST_MATH = YES;
				SDKROOT = iphoneos;
				SWIFT_COMPILATION_MODE = wholemodule;
				SWIFT_OPTIMIZATION_LEVEL = "-O";
				VALIDATE_PRODUCT = YES;
			};
			name = Release;
		};
		041B740622464150004844D9 /* Debug */ = {
			isa = XCBuildConfiguration;
			baseConfigurationReference = 27478733FC222E5D5FF350C6 /* Pods-Marvel.debug.xcconfig */;
			buildSettings = {
				ASSETCATALOG_COMPILER_APPICON_NAME = AppIcon;
				CODE_SIGN_STYLE = Automatic;
				DEVELOPMENT_TEAM = HJ28CBRTR9;
				INFOPLIST_FILE = Marvel/Info.plist;
				LD_RUNPATH_SEARCH_PATHS = (
					"$(inherited)",
					"@executable_path/Frameworks",
				);
				PRODUCT_BUNDLE_IDENTIFIER = br.com.alexrodrigues.Marvel;
				PRODUCT_NAME = "$(TARGET_NAME)";
				SWIFT_VERSION = 4.2;
				TARGETED_DEVICE_FAMILY = "1,2";
			};
			name = Debug;
		};
		041B740722464150004844D9 /* Release */ = {
			isa = XCBuildConfiguration;
			baseConfigurationReference = 94F34EA2AFCB42361EEC8E71 /* Pods-Marvel.release.xcconfig */;
			buildSettings = {
				ASSETCATALOG_COMPILER_APPICON_NAME = AppIcon;
				CODE_SIGN_STYLE = Automatic;
				DEVELOPMENT_TEAM = HJ28CBRTR9;
				INFOPLIST_FILE = Marvel/Info.plist;
				LD_RUNPATH_SEARCH_PATHS = (
					"$(inherited)",
					"@executable_path/Frameworks",
				);
				PRODUCT_BUNDLE_IDENTIFIER = br.com.alexrodrigues.Marvel;
				PRODUCT_NAME = "$(TARGET_NAME)";
				SWIFT_VERSION = 4.2;
				TARGETED_DEVICE_FAMILY = "1,2";
			};
			name = Release;
		};
		041B740922464150004844D9 /* Debug */ = {
			isa = XCBuildConfiguration;
			baseConfigurationReference = 36142BBBEE63D692D2289C7E /* Pods-MarvelTests.debug.xcconfig */;
			buildSettings = {
				ALWAYS_EMBED_SWIFT_STANDARD_LIBRARIES = YES;
				BUNDLE_LOADER = "$(TEST_HOST)";
				CODE_SIGN_STYLE = Automatic;
				DEVELOPMENT_TEAM = HJ28CBRTR9;
				INFOPLIST_FILE = MarvelTests/Info.plist;
				LD_RUNPATH_SEARCH_PATHS = (
					"$(inherited)",
					"@executable_path/Frameworks",
					"@loader_path/Frameworks",
				);
				PRODUCT_BUNDLE_IDENTIFIER = br.com.alexrodrigues.MarvelTests;
				PRODUCT_NAME = "$(TARGET_NAME)";
				SWIFT_VERSION = 4.2;
				TARGETED_DEVICE_FAMILY = "1,2";
				TEST_HOST = "$(BUILT_PRODUCTS_DIR)/Marvel.app/Marvel";
			};
			name = Debug;
		};
		041B740A22464150004844D9 /* Release */ = {
			isa = XCBuildConfiguration;
			baseConfigurationReference = 1595A4B436127A304D000307 /* Pods-MarvelTests.release.xcconfig */;
			buildSettings = {
				ALWAYS_EMBED_SWIFT_STANDARD_LIBRARIES = YES;
				BUNDLE_LOADER = "$(TEST_HOST)";
				CODE_SIGN_STYLE = Automatic;
				DEVELOPMENT_TEAM = HJ28CBRTR9;
				INFOPLIST_FILE = MarvelTests/Info.plist;
				LD_RUNPATH_SEARCH_PATHS = (
					"$(inherited)",
					"@executable_path/Frameworks",
					"@loader_path/Frameworks",
				);
				PRODUCT_BUNDLE_IDENTIFIER = br.com.alexrodrigues.MarvelTests;
				PRODUCT_NAME = "$(TARGET_NAME)";
				SWIFT_VERSION = 4.2;
				TARGETED_DEVICE_FAMILY = "1,2";
				TEST_HOST = "$(BUILT_PRODUCTS_DIR)/Marvel.app/Marvel";
			};
			name = Release;
		};
/* End XCBuildConfiguration section */

/* Begin XCConfigurationList section */
		041B73E32246414E004844D9 /* Build configuration list for PBXProject "Marvel" */ = {
			isa = XCConfigurationList;
			buildConfigurations = (
				041B740322464150004844D9 /* Debug */,
				041B740422464150004844D9 /* Release */,
			);
			defaultConfigurationIsVisible = 0;
			defaultConfigurationName = Release;
		};
		041B740522464150004844D9 /* Build configuration list for PBXNativeTarget "Marvel" */ = {
			isa = XCConfigurationList;
			buildConfigurations = (
				041B740622464150004844D9 /* Debug */,
				041B740722464150004844D9 /* Release */,
			);
			defaultConfigurationIsVisible = 0;
			defaultConfigurationName = Release;
		};
		041B740822464150004844D9 /* Build configuration list for PBXNativeTarget "MarvelTests" */ = {
			isa = XCConfigurationList;
			buildConfigurations = (
				041B740922464150004844D9 /* Debug */,
				041B740A22464150004844D9 /* Release */,
			);
			defaultConfigurationIsVisible = 0;
			defaultConfigurationName = Release;
		};
/* End XCConfigurationList section */
	};
	rootObject = 041B73E02246414E004844D9 /* Project object */;
}
